
Microsoft Visual Studio Solution File, Format Version 12.00
# Visual Studio Version 16
VisualStudioVersion = 16.0.30128.74
MinimumVisualStudioVersion = 10.0.40219.1
Project("{FAE04EC0-301F-11D3-BF4B-00C04F79EFBC}") = "SimpleRedis", "SimpleRedis\SimpleRedis.csproj", "{198F154D-7D3D-4383-9954-D9914C0B5FD5}"
EndProject
Global
	GlobalSection(SolutionConfigurationPlatforms) = preSolution
		Debug|Any CPU = Debug|Any CPU
		Release|Any CPU = Release|Any CPU
	EndGlobalSection
	GlobalSection(ProjectConfigurationPlatforms) = postSolution
		{198F154D-7D3D-4383-9954-D9914C0B5FD5}.Debug|Any CPU.ActiveCfg = Debug|Any CPU
		{198F154D-7D3D-4383-9954-D9914C0B5FD5}.Debug|Any CPU.Build.0 = Debug|Any CPU
		{198F154D-7D3D-4383-9954-D9914C0B5FD5}.Release|Any CPU.ActiveCfg = Release|Any CPU
		{198F154D-7D3D-4383-9954-D9914C0B5FD5}.Release|Any CPU.Build.0 = Release|Any CPU
	EndGlobalSection
	GlobalSection(SolutionProperties) = preSolution
		HideSolutionNode = FALSE
	EndGlobalSection
	GlobalSection(ExtensibilityGlobals) = postSolution
		SolutionGuid = {D6D08C2C-BC11-45C7-B6AF-79F187D9E0BB}
	EndGlobalSection
EndGlobal
